# This file is automatically @generated by Cargo.
# It is not intended for manual editing.
version = 4

[[package]]
name = "mal_arena"
version = "0.1.0"
dependencies = [
 "mal_types",
]

[[package]]
name = "mal_index"
version = "0.1.0"
dependencies = [
 "mal_arena",
 "mal_types",
]

[[package]]
name = "mal_kb"
version = "0.1.0"
dependencies = [
 "mal_arena",
 "mal_index",
]

[[package]]
name = "mal_types"
version = "0.1.0"
